hash: b70a1dc7a7464c385eb6c48fb9d2d825154e841d16a86176436444c101b73f80
updated: 2017-04-09T10:46:13.1660068-07:00
imports:
- name: github.com/lib/pq
  version: 2704adc878c21e1329f46f6e56a1c387d788ff94
- name: goji.io
  version: 0d89ff54b2c18c9c4ba530e32496aef902d3c6cd
  subpackages:
  - internal
  - pat
  - pattern
testImports: []
